
Microsoft Visual Studio Solution File, Format Version 12.00
# Visual Studio 15
VisualStudioVersion = 15.0.28010.2036
MinimumVisualStudioVersion = 10.0.40219.1
Project("{FAE04EC0-301F-11D3-BF4B-00C04F79EFBC}") = "Assignment6t", "Assignment6t\Assignment6t.csproj", "{DAB95427-5E47-4AD8-AEA3-EBF448DDF33B}"
EndProject
Project("{FAE04EC0-301F-11D3-BF4B-00C04F79EFBC}") = "Assignment6tTests", "Assignment6tTests\Assignment6tTests.csproj", "{DC387972-95E4-4CCC-AE39-BFB198A6AEF8}"
EndProject
Global
	GlobalSection(SolutionConfigurationPlatforms) = preSolution
		Debug|Any CPU = Debug|Any CPU
		Release|Any CPU = Release|Any CPU
	EndGlobalSection
	GlobalSection(ProjectConfigurationPlatforms) = postSolution
		{DAB95427-5E47-4AD8-AEA3-EBF448DDF33B}.Debug|Any CPU.ActiveCfg = Debug|Any CPU
		{DAB95427-5E47-4AD8-AEA3-EBF448DDF33B}.Debug|Any CPU.Build.0 = Debug|Any CPU
		{DAB95427-5E47-4AD8-AEA3-EBF448DDF33B}.Release|Any CPU.ActiveCfg = Release|Any CPU
		{DAB95427-5E47-4AD8-AEA3-EBF448DDF33B}.Release|Any CPU.Build.0 = Release|Any CPU
		{DC387972-95E4-4CCC-AE39-BFB198A6AEF8}.Debug|Any CPU.ActiveCfg = Debug|Any CPU
		{DC387972-95E4-4CCC-AE39-BFB198A6AEF8}.Debug|Any CPU.Build.0 = Debug|Any CPU
		{DC387972-95E4-4CCC-AE39-BFB198A6AEF8}.Release|Any CPU.ActiveCfg = Release|Any CPU
		{DC387972-95E4-4CCC-AE39-BFB198A6AEF8}.Release|Any CPU.Build.0 = Release|Any CPU
	EndGlobalSection
	GlobalSection(SolutionProperties) = preSolution
		HideSolutionNode = FALSE
	EndGlobalSection
	GlobalSection(ExtensibilityGlobals) = postSolution
		SolutionGuid = {B7FAC864-1504-4650-BD7E-3EC28F01CF8C}
	EndGlobalSection
EndGlobal
