
Microsoft Visual Studio Solution File, Format Version 12.00
# Visual Studio 15
VisualStudioVersion = 15.0.26124.0
MinimumVisualStudioVersion = 15.0.26124.0
Project("{9A19103F-16F7-4668-BE54-9A1E7A4F7556}") = "Assignment3", "Assignment3\Assignment3.csproj", "{764040CB-B3BF-4D88-B438-4A514FD78963}"
EndProject
Project("{9A19103F-16F7-4668-BE54-9A1E7A4F7556}") = "Assignment3.Test", "Assignment3.Test\Assignment3.Test.csproj", "{52D9E7C3-3AE7-43A8-B94A-0886BCD261EB}"
EndProject
Global
	GlobalSection(SolutionConfigurationPlatforms) = preSolution
		Debug|Any CPU = Debug|Any CPU
		Debug|x64 = Debug|x64
		Debug|x86 = Debug|x86
		Release|Any CPU = Release|Any CPU
		Release|x64 = Release|x64
		Release|x86 = Release|x86
	EndGlobalSection
	GlobalSection(ProjectConfigurationPlatforms) = postSolution
		{764040CB-B3BF-4D88-B438-4A514FD78963}.Debug|Any CPU.ActiveCfg = Debug|Any CPU
		{764040CB-B3BF-4D88-B438-4A514FD78963}.Debug|Any CPU.Build.0 = Debug|Any CPU
		{764040CB-B3BF-4D88-B438-4A514FD78963}.Debug|x64.ActiveCfg = Debug|Any CPU
		{764040CB-B3BF-4D88-B438-4A514FD78963}.Debug|x64.Build.0 = Debug|Any CPU
		{764040CB-B3BF-4D88-B438-4A514FD78963}.Debug|x86.ActiveCfg = Debug|Any CPU
		{764040CB-B3BF-4D88-B438-4A514FD78963}.Debug|x86.Build.0 = Debug|Any CPU
		{764040CB-B3BF-4D88-B438-4A514FD78963}.Release|Any CPU.ActiveCfg = Release|Any CPU
		{764040CB-B3BF-4D88-B438-4A514FD78963}.Release|Any CPU.Build.0 = Release|Any CPU
		{764040CB-B3BF-4D88-B438-4A514FD78963}.Release|x64.ActiveCfg = Release|Any CPU
		{764040CB-B3BF-4D88-B438-4A514FD78963}.Release|x64.Build.0 = Release|Any CPU
		{764040CB-B3BF-4D88-B438-4A514FD78963}.Release|x86.ActiveCfg = Release|Any CPU
		{764040CB-B3BF-4D88-B438-4A514FD78963}.Release|x86.Build.0 = Release|Any CPU
		{52D9E7C3-3AE7-43A8-B94A-0886BCD261EB}.Debug|Any CPU.ActiveCfg = Debug|Any CPU
		{52D9E7C3-3AE7-43A8-B94A-0886BCD261EB}.Debug|Any CPU.Build.0 = Debug|Any CPU
		{52D9E7C3-3AE7-43A8-B94A-0886BCD261EB}.Debug|x64.ActiveCfg = Debug|Any CPU
		{52D9E7C3-3AE7-43A8-B94A-0886BCD261EB}.Debug|x64.Build.0 = Debug|Any CPU
		{52D9E7C3-3AE7-43A8-B94A-0886BCD261EB}.Debug|x86.ActiveCfg = Debug|Any CPU
		{52D9E7C3-3AE7-43A8-B94A-0886BCD261EB}.Debug|x86.Build.0 = Debug|Any CPU
		{52D9E7C3-3AE7-43A8-B94A-0886BCD261EB}.Release|Any CPU.ActiveCfg = Release|Any CPU
		{52D9E7C3-3AE7-43A8-B94A-0886BCD261EB}.Release|Any CPU.Build.0 = Release|Any CPU
		{52D9E7C3-3AE7-43A8-B94A-0886BCD261EB}.Release|x64.ActiveCfg = Release|Any CPU
		{52D9E7C3-3AE7-43A8-B94A-0886BCD261EB}.Release|x64.Build.0 = Release|Any CPU
		{52D9E7C3-3AE7-43A8-B94A-0886BCD261EB}.Release|x86.ActiveCfg = Release|Any CPU
		{52D9E7C3-3AE7-43A8-B94A-0886BCD261EB}.Release|x86.Build.0 = Release|Any CPU
	EndGlobalSection
	GlobalSection(SolutionProperties) = preSolution
		HideSolutionNode = FALSE
	EndGlobalSection
	GlobalSection(ExtensibilityGlobals) = postSolution
		SolutionGuid = {D1598DED-7109-445D-8D16-02072D45835F}
	EndGlobalSection
EndGlobal
